
Microsoft Visual Studio Solution File, Format Version 12.00
# Visual Studio Version 16
VisualStudioVersion = 16.0.29806.167
MinimumVisualStudioVersion = 10.0.40219.1
Project("{FAE04EC0-301F-11D3-BF4B-00C04F79EFBC}") = "Number guessing game", "Number guessing game\Number guessing game.csproj", "{ED68CABC-FEDB-4ABC-825D-E84C38714149}"
EndProject
Global
	GlobalSection(SolutionConfigurationPlatforms) = preSolution
		Debug|Any CPU = Debug|Any CPU
		Release|Any CPU = Release|Any CPU
	EndGlobalSection
	GlobalSection(ProjectConfigurationPlatforms) = postSolution
		{ED68CABC-FEDB-4ABC-825D-E84C38714149}.Debug|Any CPU.ActiveCfg = Debug|Any CPU
		{ED68CABC-FEDB-4ABC-825D-E84C38714149}.Debug|Any CPU.Build.0 = Debug|Any CPU
		{ED68CABC-FEDB-4ABC-825D-E84C38714149}.Release|Any CPU.ActiveCfg = Release|Any CPU
		{ED68CABC-FEDB-4ABC-825D-E84C38714149}.Release|Any CPU.Build.0 = Release|Any CPU
	EndGlobalSection
	GlobalSection(SolutionProperties) = preSolution
		HideSolutionNode = FALSE
	EndGlobalSection
	GlobalSection(ExtensibilityGlobals) = postSolution
		SolutionGuid = {AC3BA90B-5DF9-4C9E-8C22-87AE6DB58430}
	EndGlobalSection
EndGlobal
